// !$*UTF8*$!
{
	archiveVersion = 1;
	classes = {
	};
	objectVersion = 56;
	objects = {

/* Begin PBXBuildFile section */
		0F4D9EC8A8DBB5350CA4EBBE /* Pods_BeerIndex.framework in Frameworks */ = {isa = PBXBuildFile; fileRef = 735B505FDEC2F60B5DBCF80E /* Pods_BeerIndex.framework */; };
		2D19A9EA2B99571400390648 /* AppDelegate.swift in Sources */ = {isa = PBXBuildFile; fileRef = 2D19A9E92B99571400390648 /* AppDelegate.swift */; };
		2D19A9EC2B99571400390648 /* SceneDelegate.swift in Sources */ = {isa = PBXBuildFile; fileRef = 2D19A9EB2B99571400390648 /* SceneDelegate.swift */; };
		2D19A9EE2B99571400390648 /* ViewController.swift in Sources */ = {isa = PBXBuildFile; fileRef = 2D19A9ED2B99571400390648 /* ViewController.swift */; };
		2D19A9F12B99571400390648 /* Main.storyboard in Resources */ = {isa = PBXBuildFile; fileRef = 2D19A9EF2B99571400390648 /* Main.storyboard */; };
		2D19A9F32B99571700390648 /* Assets.xcassets in Resources */ = {isa = PBXBuildFile; fileRef = 2D19A9F22B99571700390648 /* Assets.xcassets */; };
		2D19A9F62B99571700390648 /* LaunchScreen.storyboard in Resources */ = {isa = PBXBuildFile; fileRef = 2D19A9F42B99571700390648 /* LaunchScreen.storyboard */; };
		2D3194F92B9A01B9001E5797 /* Beer.swift in Sources */ = {isa = PBXBuildFile; fileRef = 2D3194F82B9A01B9001E5797 /* Beer.swift */; };
		2D3194FD2B9A05C9001E5797 /* getBeers.swift in Sources */ = {isa = PBXBuildFile; fileRef = 2D3194FC2B9A05C9001E5797 /* getBeers.swift */; };
		2D3E909F2B9CC4460092BEB8 /* User.swift in Sources */ = {isa = PBXBuildFile; fileRef = 2D3E909E2B9CC4460092BEB8 /* User.swift */; };
		2D3E90A12B9CC5760092BEB8 /* Login.storyboard in Resources */ = {isa = PBXBuildFile; fileRef = 2D3E90A02B9CC5760092BEB8 /* Login.storyboard */; };
		2D3E90A32B9CC5960092BEB8 /* LoginViewController.swift in Sources */ = {isa = PBXBuildFile; fileRef = 2D3E90A22B9CC5960092BEB8 /* LoginViewController.swift */; };
		2D667C8A2B9B3BB0002F8CF7 /* CustomBeerCell.swift in Sources */ = {isa = PBXBuildFile; fileRef = 2D667C892B9B3BB0002F8CF7 /* CustomBeerCell.swift */; };
		2D667C8C2B9B67E8002F8CF7 /* Details.swift in Sources */ = {isa = PBXBuildFile; fileRef = 2D667C8B2B9B67E8002F8CF7 /* Details.swift */; };
		2DD8ABDE2B9E11A300F234F9 /* Cart.swift in Sources */ = {isa = PBXBuildFile; fileRef = 2DD8ABDD2B9E11A300F234F9 /* Cart.swift */; };
		2DD8ABE12B9E19E400F234F9 /* CustomCartCell.xib in Resources */ = {isa = PBXBuildFile; fileRef = 2DD8ABE02B9E19E400F234F9 /* CustomCartCell.xib */; };
		2DD8ABE22B9E19E400F234F9 /* CustomCartCell.swift in Sources */ = {isa = PBXBuildFile; fileRef = 2DD8ABDF2B9E19E400F234F9 /* CustomCartCell.swift */; };
		2DDB62CA2B9B1DF6001B799E /* ShoppingCart.storyboard in Resources */ = {isa = PBXBuildFile; fileRef = 2DDB62C62B9B1DF6001B799E /* ShoppingCart.storyboard */; };
		2DDB62CB2B9B1DF6001B799E /* BeerIndex.storyboard in Resources */ = {isa = PBXBuildFile; fileRef = 2DDB62C72B9B1DF6001B799E /* BeerIndex.storyboard */; };
		2DDB62CC2B9B1DF6001B799E /* ShoppingCart.swift in Sources */ = {isa = PBXBuildFile; fileRef = 2DDB62C82B9B1DF6001B799E /* ShoppingCart.swift */; };
		2DDB62CD2B9B1DF6001B799E /* BeerIndex.swift in Sources */ = {isa = PBXBuildFile; fileRef = 2DDB62C92B9B1DF6001B799E /* BeerIndex.swift */; };
		2DDB62D42B9B3A30001B799E /* CustomBeerCell.xib in Resources */ = {isa = PBXBuildFile; fileRef = 2DDB62D32B9B3A30001B799E /* CustomBeerCell.xib */; };
/* End PBXBuildFile section */

/* Begin PBXFileReference section */
		2D19A9E62B99571400390648 /* BeerIndex.app */ = {isa = PBXFileReference; explicitFileType = wrapper.application; includeInIndex = 0; path = BeerIndex.app; sourceTree = BUILT_PRODUCTS_DIR; };
		2D19A9E92B99571400390648 /* AppDelegate.swift */ = {isa = PBXFileReference; lastKnownFileType = sourcecode.swift; path = AppDelegate.swift; sourceTree = "<group>"; };
		2D19A9EB2B99571400390648 /* SceneDelegate.swift */ = {isa = PBXFileReference; lastKnownFileType = sourcecode.swift; path = SceneDelegate.swift; sourceTree = "<group>"; };
		2D19A9ED2B99571400390648 /* ViewController.swift */ = {isa = PBXFileReference; lastKnownFileType = sourcecode.swift; path = ViewController.swift; sourceTree = "<group>"; };
		2D19A9F02B99571400390648 /* Base */ = {isa = PBXFileReference; lastKnownFileType = file.storyboard; name = Base; path = Base.lproj/Main.storyboard; sourceTree = "<group>"; };
		2D19A9F22B99571700390648 /* Assets.xcassets */ = {isa = PBXFileReference; lastKnownFileType = folder.assetcatalog; path = Assets.xcassets; sourceTree = "<group>"; };
		2D19A9F52B99571700390648 /* Base */ = {isa = PBXFileReference; lastKnownFileType = file.storyboard; name = Base; path = Base.lproj/LaunchScreen.storyboard; sourceTree = "<group>"; };
		2D19A9F72B99571700390648 /* Info.plist */ = {isa = PBXFileReference; lastKnownFileType = text.plist.xml; path = Info.plist; sourceTree = "<group>"; };
		2D3194F82B9A01B9001E5797 /* Beer.swift */ = {isa = PBXFileReference; lastKnownFileType = sourcecode.swift; path = Beer.swift; sourceTree = "<group>"; };
		2D3194FC2B9A05C9001E5797 /* getBeers.swift */ = {isa = PBXFileReference; lastKnownFileType = sourcecode.swift; path = getBeers.swift; sourceTree = "<group>"; };
		2D3E909E2B9CC4460092BEB8 /* User.swift */ = {isa = PBXFileReference; lastKnownFileType = sourcecode.swift; path = User.swift; sourceTree = "<group>"; };
		2D3E90A02B9CC5760092BEB8 /* Login.storyboard */ = {isa = PBXFileReference; lastKnownFileType = file.storyboard; path = Login.storyboard; sourceTree = "<group>"; };
		2D3E90A22B9CC5960092BEB8 /* LoginViewController.swift */ = {isa = PBXFileReference; lastKnownFileType = sourcecode.swift; path = LoginViewController.swift; sourceTree = "<group>"; };
		2D667C892B9B3BB0002F8CF7 /* CustomBeerCell.swift */ = {isa = PBXFileReference; lastKnownFileType = sourcecode.swift; path = CustomBeerCell.swift; sourceTree = "<group>"; };
		2D667C8B2B9B67E8002F8CF7 /* Details.swift */ = {isa = PBXFileReference; lastKnownFileType = sourcecode.swift; path = Details.swift; sourceTree = "<group>"; };
		2DD8ABDD2B9E11A300F234F9 /* Cart.swift */ = {isa = PBXFileReference; lastKnownFileType = sourcecode.swift; path = Cart.swift; sourceTree = "<group>"; };
		2DD8ABDF2B9E19E400F234F9 /* CustomCartCell.swift */ = {isa = PBXFileReference; lastKnownFileType = sourcecode.swift; path = CustomCartCell.swift; sourceTree = "<group>"; };
		2DD8ABE02B9E19E400F234F9 /* CustomCartCell.xib */ = {isa = PBXFileReference; lastKnownFileType = file.xib; path = CustomCartCell.xib; sourceTree = "<group>"; };
		2DDB62C62B9B1DF6001B799E /* ShoppingCart.storyboard */ = {isa = PBXFileReference; fileEncoding = 4; lastKnownFileType = file.storyboard; path = ShoppingCart.storyboard; sourceTree = "<group>"; };
		2DDB62C72B9B1DF6001B799E /* BeerIndex.storyboard */ = {isa = PBXFileReference; fileEncoding = 4; lastKnownFileType = file.storyboard; path = BeerIndex.storyboard; sourceTree = "<group>"; };
		2DDB62C82B9B1DF6001B799E /* ShoppingCart.swift */ = {isa = PBXFileReference; fileEncoding = 4; lastKnownFileType = sourcecode.swift; path = ShoppingCart.swift; sourceTree = "<group>"; };
		2DDB62C92B9B1DF6001B799E /* BeerIndex.swift */ = {isa = PBXFileReference; fileEncoding = 4; lastKnownFileType = sourcecode.swift; path = BeerIndex.swift; sourceTree = "<group>"; };
		2DDB62D32B9B3A30001B799E /* CustomBeerCell.xib */ = {isa = PBXFileReference; lastKnownFileType = file.xib; path = CustomBeerCell.xib; sourceTree = "<group>"; };
		3A2F027AE730BD113B7385BE /* Pods-BeerIndex.release.xcconfig */ = {isa = PBXFileReference; includeInIndex = 1; lastKnownFileType = text.xcconfig; name = "Pods-BeerIndex.release.xcconfig"; path = "Target Support Files/Pods-BeerIndex/Pods-BeerIndex.release.xcconfig"; sourceTree = "<group>"; };
		735B505FDEC2F60B5DBCF80E /* Pods_BeerIndex.framework */ = {isa = PBXFileReference; explicitFileType = wrapper.framework; includeInIndex = 0; path = Pods_BeerIndex.framework; sourceTree = BUILT_PRODUCTS_DIR; };
		AF099F880D5EF0CEE87CC2BD /* Pods-BeerIndex.debug.xcconfig */ = {isa = PBXFileReference; includeInIndex = 1; lastKnownFileType = text.xcconfig; name = "Pods-BeerIndex.debug.xcconfig"; path = "Target Support Files/Pods-BeerIndex/Pods-BeerIndex.debug.xcconfig"; sourceTree = "<group>"; };
/* End PBXFileReference section */

/* Begin PBXFrameworksBuildPhase section */
		2D19A9E32B99571400390648 /* Frameworks */ = {
			isa = PBXFrameworksBuildPhase;
			buildActionMask = 2147483647;
			files = (
				0F4D9EC8A8DBB5350CA4EBBE /* Pods_BeerIndex.framework in Frameworks */,
			);
			runOnlyForDeploymentPostprocessing = 0;
		};
/* End PBXFrameworksBuildPhase section */

/* Begin PBXGroup section */
		2D19A9DD2B99571400390648 = {
			isa = PBXGroup;
			children = (
				2D19A9E82B99571400390648 /* BeerIndex */,
				2D19A9E72B99571400390648 /* Products */,
				EC0A09B63DC50462CFE788A1 /* Pods */,
				49CCD70374B82BD7887D59CF /* Frameworks */,
			);
			sourceTree = "<group>";
		};
		2D19A9E72B99571400390648 /* Products */ = {
			isa = PBXGroup;
			children = (
				2D19A9E62B99571400390648 /* BeerIndex.app */,
			);
			name = Products;
			sourceTree = "<group>";
		};
		2D19A9E82B99571400390648 /* BeerIndex */ = {
			isa = PBXGroup;
			children = (
				2DDB62D22B9B3A15001B799E /* Views */,
				2DDB62C52B9B1DF6001B799E /* Storyboards */,
				2D3194FB2B9A05B8001E5797 /* APIs */,
				2D3194FA2B9A01E9001E5797 /* Model */,
				2D19A9E92B99571400390648 /* AppDelegate.swift */,
				2D19A9EB2B99571400390648 /* SceneDelegate.swift */,
				2D19A9ED2B99571400390648 /* ViewController.swift */,
				2D19A9EF2B99571400390648 /* Main.storyboard */,
				2D19A9F22B99571700390648 /* Assets.xcassets */,
				2D19A9F42B99571700390648 /* LaunchScreen.storyboard */,
				2D19A9F72B99571700390648 /* Info.plist */,
			);
			path = BeerIndex;
			sourceTree = "<group>";
		};
		2D3194FA2B9A01E9001E5797 /* Model */ = {
			isa = PBXGroup;
			children = (
				2D3194F82B9A01B9001E5797 /* Beer.swift */,
				2D3E909E2B9CC4460092BEB8 /* User.swift */,
				2DD8ABDD2B9E11A300F234F9 /* Cart.swift */,
			);
			path = Model;
			sourceTree = "<group>";
		};
		2D3194FB2B9A05B8001E5797 /* APIs */ = {
			isa = PBXGroup;
			children = (
				2D3194FC2B9A05C9001E5797 /* getBeers.swift */,
			);
			path = APIs;
			sourceTree = "<group>";
		};
		2DDB62C52B9B1DF6001B799E /* Storyboards */ = {
			isa = PBXGroup;
			children = (
				2DDB62C82B9B1DF6001B799E /* ShoppingCart.swift */,
				2DDB62C62B9B1DF6001B799E /* ShoppingCart.storyboard */,
				2DDB62C92B9B1DF6001B799E /* BeerIndex.swift */,
				2DDB62C72B9B1DF6001B799E /* BeerIndex.storyboard */,
				2D667C8B2B9B67E8002F8CF7 /* Details.swift */,
				2D3E90A02B9CC5760092BEB8 /* Login.storyboard */,
				2D3E90A22B9CC5960092BEB8 /* LoginViewController.swift */,
			);
			path = Storyboards;
			sourceTree = "<group>";
		};
		2DDB62D22B9B3A15001B799E /* Views */ = {
			isa = PBXGroup;
			children = (
				2D667C892B9B3BB0002F8CF7 /* CustomBeerCell.swift */,
				2DDB62D32B9B3A30001B799E /* CustomBeerCell.xib */,
				2DD8ABDF2B9E19E400F234F9 /* CustomCartCell.swift */,
				2DD8ABE02B9E19E400F234F9 /* CustomCartCell.xib */,
			);
			path = Views;
			sourceTree = "<group>";
		};
		49CCD70374B82BD7887D59CF /* Frameworks */ = {
			isa = PBXGroup;
			children = (
				735B505FDEC2F60B5DBCF80E /* Pods_BeerIndex.framework */,
			);
			name = Frameworks;
			sourceTree = "<group>";
		};
		EC0A09B63DC50462CFE788A1 /* Pods */ = {
			isa = PBXGroup;
			children = (
				AF099F880D5EF0CEE87CC2BD /* Pods-BeerIndex.debug.xcconfig */,
				3A2F027AE730BD113B7385BE /* Pods-BeerIndex.release.xcconfig */,
			);
			path = Pods;
			sourceTree = "<group>";
		};
/* End PBXGroup section */

/* Begin PBXNativeTarget section */
		2D19A9E52B99571400390648 /* BeerIndex */ = {
			isa = PBXNativeTarget;
			buildConfigurationList = 2D19A9FA2B99571700390648 /* Build configuration list for PBXNativeTarget "BeerIndex" */;
			buildPhases = (
				062CE182CC516F69936B8002 /* [CP] Check Pods Manifest.lock */,
				2D19A9E22B99571400390648 /* Sources */,
				2D19A9E32B99571400390648 /* Frameworks */,
				2D19A9E42B99571400390648 /* Resources */,
				DE4B74165E970524C327C779 /* [CP] Embed Pods Frameworks */,
			);
			buildRules = (
			);
			dependencies = (
			);
			name = BeerIndex;
			productName = BeerIndex;
			productReference = 2D19A9E62B99571400390648 /* BeerIndex.app */;
			productType = "com.apple.product-type.application";
		};
/* End PBXNativeTarget section */

/* Begin PBXProject section */
		2D19A9DE2B99571400390648 /* Project object */ = {
			isa = PBXProject;
			attributes = {
				BuildIndependentTargetsInParallel = 1;
				LastSwiftUpdateCheck = 1520;
				LastUpgradeCheck = 1520;
				TargetAttributes = {
					2D19A9E52B99571400390648 = {
						CreatedOnToolsVersion = 15.2;
					};
				};
			};
			buildConfigurationList = 2D19A9E12B99571400390648 /* Build configuration list for PBXProject "BeerIndex" */;
			compatibilityVersion = "Xcode 14.0";
			developmentRegion = en;
			hasScannedForEncodings = 0;
			knownRegions = (
				en,
				Base,
			);
			mainGroup = 2D19A9DD2B99571400390648;
			productRefGroup = 2D19A9E72B99571400390648 /* Products */;
			projectDirPath = "";
			projectRoot = "";
			targets = (
				2D19A9E52B99571400390648 /* BeerIndex */,
			);
		};
/* End PBXProject section */

/* Begin PBXResourcesBuildPhase section */
		2D19A9E42B99571400390648 /* Resources */ = {
			isa = PBXResourcesBuildPhase;
			buildActionMask = 2147483647;
			files = (
				2DD8ABE12B9E19E400F234F9 /* CustomCartCell.xib in Resources */,
				2DDB62D42B9B3A30001B799E /* CustomBeerCell.xib in Resources */,
				2DDB62CA2B9B1DF6001B799E /* ShoppingCart.storyboard in Resources */,
				2D3E90A12B9CC5760092BEB8 /* Login.storyboard in Resources */,
				2D19A9F62B99571700390648 /* LaunchScreen.storyboard in Resources */,
				2D19A9F32B99571700390648 /* Assets.xcassets in Resources */,
				2DDB62CB2B9B1DF6001B799E /* BeerIndex.storyboard in Resources */,
				2D19A9F12B99571400390648 /* Main.storyboard in Resources */,
			);
			runOnlyForDeploymentPostprocessing = 0;
		};
/* End PBXResourcesBuildPhase section */

/* Begin PBXShellScriptBuildPhase section */
		062CE182CC516F69936B8002 /* [CP] Check Pods Manifest.lock */ = {
			isa = PBXShellScriptBuildPhase;
			buildActionMask = 2147483647;
			files = (
			);
			inputFileListPaths = (
			);
			inputPaths = (
				"${PODS_PODFILE_DIR_PATH}/Podfile.lock",
				"${PODS_ROOT}/Manifest.lock",
			);
			name = "[CP] Check Pods Manifest.lock";
			outputFileListPaths = (
			);
			outputPaths = (
				"$(DERIVED_FILE_DIR)/Pods-BeerIndex-checkManifestLockResult.txt",
			);
			runOnlyForDeploymentPostprocessing = 0;
			shellPath = /bin/sh;
			shellScript = "diff \"${PODS_PODFILE_DIR_PATH}/Podfile.lock\" \"${PODS_ROOT}/Manifest.lock\" > /dev/null\nif [ $? != 0 ] ; then\n    # print error to STDERR\n    echo \"error: The sandbox is not in sync with the Podfile.lock. Run 'pod install' or update your CocoaPods installation.\" >&2\n    exit 1\nfi\n# This output is used by Xcode 'outputs' to avoid re-running this script phase.\necho \"SUCCESS\" > \"${SCRIPT_OUTPUT_FILE_0}\"\n";
			showEnvVarsInLog = 0;
		};
		DE4B74165E970524C327C779 /* [CP] Embed Pods Frameworks */ = {
			isa = PBXShellScriptBuildPhase;
			buildActionMask = 2147483647;
			files = (
			);
			inputFileListPaths = (
				"${PODS_ROOT}/Target Support Files/Pods-BeerIndex/Pods-BeerIndex-frameworks-${CONFIGURATION}-input-files.xcfilelist",
			);
			name = "[CP] Embed Pods Frameworks";
			outputFileListPaths = (
				"${PODS_ROOT}/Target Support Files/Pods-BeerIndex/Pods-BeerIndex-frameworks-${CONFIGURATION}-output-files.xcfilelist",
			);
			runOnlyForDeploymentPostprocessing = 0;
			shellPath = /bin/sh;
			shellScript = "\"${PODS_ROOT}/Target Support Files/Pods-BeerIndex/Pods-BeerIndex-frameworks.sh\"\n";
			showEnvVarsInLog = 0;
		};
/* End PBXShellScriptBuildPhase section */

/* Begin PBXSourcesBuildPhase section */
		2D19A9E22B99571400390648 /* Sources */ = {
			isa = PBXSourcesBuildPhase;
			buildActionMask = 2147483647;
			files = (
				2D19A9EE2B99571400390648 /* ViewController.swift in Sources */,
				2DDB62CC2B9B1DF6001B799E /* ShoppingCart.swift in Sources */,
				2DD8ABE22B9E19E400F234F9 /* CustomCartCell.swift in Sources */,
				2DD8ABDE2B9E11A300F234F9 /* Cart.swift in Sources */,
				2D19A9EA2B99571400390648 /* AppDelegate.swift in Sources */,
				2D19A9EC2B99571400390648 /* SceneDelegate.swift in Sources */,
				2DDB62CD2B9B1DF6001B799E /* BeerIndex.swift in Sources */,
				2D667C8C2B9B67E8002F8CF7 /* Details.swift in Sources */,
				2D3194F92B9A01B9001E5797 /* Beer.swift in Sources */,
				2D667C8A2B9B3BB0002F8CF7 /* CustomBeerCell.swift in Sources */,
				2D3E909F2B9CC4460092BEB8 /* User.swift in Sources */,
				2D3194FD2B9A05C9001E5797 /* getBeers.swift in Sources */,
				2D3E90A32B9CC5960092BEB8 /* LoginViewController.swift in Sources */,
			);
			runOnlyForDeploymentPostprocessing = 0;
		};
/* End PBXSourcesBuildPhase section */

/* Begin PBXVariantGroup section */
		2D19A9EF2B99571400390648 /* Main.storyboard */ = {
			isa = PBXVariantGroup;
			children = (
				2D19A9F02B99571400390648 /* Base */,
			);
			name = Main.storyboard;
			sourceTree = "<group>";
		};
		2D19A9F42B99571700390648 /* LaunchScreen.storyboard */ = {
			isa = PBXVariantGroup;
			children = (
				2D19A9F52B99571700390648 /* Base */,
			);
			name = LaunchScreen.storyboard;
			sourceTree = "<group>";
		};
/* End PBXVariantGroup section */

/* Begin XCBuildConfiguration section */
		2D19A9F82B99571700390648 /* Debug */ = {
			isa = XCBuildConfiguration;
			buildSettings = {
				ALWAYS_SEARCH_USER_PATHS = NO;
				ASSETCATALOG_COMPILER_GENERATE_SWIFT_ASSET_SYMBOL_EXTENSIONS = YES;
				CLANG_ANALYZER_NONNULL = YES;
				CLANG_ANALYZER_NUMBER_OBJECT_CONVERSION = YES_AGGRESSIVE;
				CLANG_CXX_LANGUAGE_STANDARD = "gnu++20";
				CLANG_ENABLE_MODULES = YES;
				CLANG_ENABLE_OBJC_ARC = YES;
				CLANG_ENABLE_OBJC_WEAK = YES;
				CLANG_WARN_BLOCK_CAPTURE_AUTORELEASING = YES;
				CLANG_WARN_BOOL_CONVERSION = YES;
				CLANG_WARN_COMMA = YES;
				CLANG_WARN_CONSTANT_CONVERSION = YES;
				CLANG_WARN_DEPRECATED_OBJC_IMPLEMENTATIONS = YES;
				CLANG_WARN_DIRECT_OBJC_ISA_USAGE = YES_ERROR;
				CLANG_WARN_DOCUMENTATION_COMMENTS = YES;
				CLANG_WARN_EMPTY_BODY = YES;
				CLANG_WARN_ENUM_CONVERSION = YES;
				CLANG_WARN_INFINITE_RECURSION = YES;
				CLANG_WARN_INT_CONVERSION = YES;
				CLANG_WARN_NON_LITERAL_NULL_CONVERSION = YES;
				CLANG_WARN_OBJC_IMPLICIT_RETAIN_SELF = YES;
				CLANG_WARN_OBJC_LITERAL_CONVERSION = YES;
				CLANG_WARN_OBJC_ROOT_CLASS = YES_ERROR;
				CLANG_WARN_QUOTED_INCLUDE_IN_FRAMEWORK_HEADER = YES;
				CLANG_WARN_RANGE_LOOP_ANALYSIS = YES;
				CLANG_WARN_STRICT_PROTOTYPES = YES;
				CLANG_WARN_SUSPICIOUS_MOVE = YES;
				CLANG_WARN_UNGUARDED_AVAILABILITY = YES_AGGRESSIVE;
				CLANG_WARN_UNREACHABLE_CODE = YES;
				CLANG_WARN__DUPLICATE_METHOD_MATCH = YES;
				COPY_PHASE_STRIP = NO;
				DEBUG_INFORMATION_FORMAT = dwarf;
				ENABLE_STRICT_OBJC_MSGSEND = YES;
				ENABLE_TESTABILITY = YES;
				ENABLE_USER_SCRIPT_SANDBOXING = NO;
				GCC_C_LANGUAGE_STANDARD = gnu17;
				GCC_DYNAMIC_NO_PIC = NO;
				GCC_NO_COMMON_BLOCKS = YES;
				GCC_OPTIMIZATION_LEVEL = 0;
				GCC_PREPROCESSOR_DEFINITIONS = (
					"DEBUG=1",
					"$(inherited)",
				);
				GCC_WARN_64_TO_32_BIT_CONVERSION = YES;
				GCC_WARN_ABOUT_RETURN_TYPE = YES_ERROR;
				GCC_WARN_UNDECLARED_SELECTOR = YES;
				GCC_WARN_UNINITIALIZED_AUTOS = YES_AGGRESSIVE;
				GCC_WARN_UNUSED_FUNCTION = YES;
				GCC_WARN_UNUSED_VARIABLE = YES;
				IPHONEOS_DEPLOYMENT_TARGET = 17.2;
				LOCALIZATION_PREFERS_STRING_CATALOGS = YES;
				MTL_ENABLE_DEBUG_INFO = INCLUDE_SOURCE;
				MTL_FAST_MATH = YES;
				ONLY_ACTIVE_ARCH = YES;
				SDKROOT = iphoneos;
				SWIFT_ACTIVE_COMPILATION_CONDITIONS = "DEBUG $(inherited)";
				SWIFT_OPTIMIZATION_LEVEL = "-Onone";
			};
			name = Debug;
		};
		2D19A9F92B99571700390648 /* Release */ = {
			isa = XCBuildConfiguration;
			buildSettings = {
				ALWAYS_SEARCH_USER_PATHS = NO;
				ASSETCATALOG_COMPILER_GENERATE_SWIFT_ASSET_SYMBOL_EXTENSIONS = YES;
				CLANG_ANALYZER_NONNULL = YES;
				CLANG_ANALYZER_NUMBER_OBJECT_CONVERSION = YES_AGGRESSIVE;
				CLANG_CXX_LANGUAGE_STANDARD = "gnu++20";
				CLANG_ENABLE_MODULES = YES;
				CLANG_ENABLE_OBJC_ARC = YES;
				CLANG_ENABLE_OBJC_WEAK = YES;
				CLANG_WARN_BLOCK_CAPTURE_AUTORELEASING = YES;
				CLANG_WARN_BOOL_CONVERSION = YES;
				CLANG_WARN_COMMA = YES;
				CLANG_WARN_CONSTANT_CONVERSION = YES;
				CLANG_WARN_DEPRECATED_OBJC_IMPLEMENTATIONS = YES;
				CLANG_WARN_DIRECT_OBJC_ISA_USAGE = YES_ERROR;
				CLANG_WARN_DOCUMENTATION_COMMENTS = YES;
				CLANG_WARN_EMPTY_BODY = YES;
				CLANG_WARN_ENUM_CONVERSION = YES;
				CLANG_WARN_INFINITE_RECURSION = YES;
				CLANG_WARN_INT_CONVERSION = YES;
				CLANG_WARN_NON_LITERAL_NULL_CONVERSION = YES;
				CLANG_WARN_OBJC_IMPLICIT_RETAIN_SELF = YES;
				CLANG_WARN_OBJC_LITERAL_CONVERSION = YES;
				CLANG_WARN_OBJC_ROOT_CLASS = YES_ERROR;
				CLANG_WARN_QUOTED_INCLUDE_IN_FRAMEWORK_HEADER = YES;
				CLANG_WARN_RANGE_LOOP_ANALYSIS = YES;
				CLANG_WARN_STRICT_PROTOTYPES = YES;
				CLANG_WARN_SUSPICIOUS_MOVE = YES;
				CLANG_WARN_UNGUARDED_AVAILABILITY = YES_AGGRESSIVE;
				CLANG_WARN_UNREACHABLE_CODE = YES;
				CLANG_WARN__DUPLICATE_METHOD_MATCH = YES;
				COPY_PHASE_STRIP = NO;
				DEBUG_INFORMATION_FORMAT = "dwarf-with-dsym";
				ENABLE_NS_ASSERTIONS = NO;
				ENABLE_STRICT_OBJC_MSGSEND = YES;
				ENABLE_USER_SCRIPT_SANDBOXING = NO;
				GCC_C_LANGUAGE_STANDARD = gnu17;
				GCC_NO_COMMON_BLOCKS = YES;
				GCC_WARN_64_TO_32_BIT_CONVERSION = YES;
				GCC_WARN_ABOUT_RETURN_TYPE = YES_ERROR;
				GCC_WARN_UNDECLARED_SELECTOR = YES;
				GCC_WARN_UNINITIALIZED_AUTOS = YES_AGGRESSIVE;
				GCC_WARN_UNUSED_FUNCTION = YES;
				GCC_WARN_UNUSED_VARIABLE = YES;
				IPHONEOS_DEPLOYMENT_TARGET = 17.2;
				LOCALIZATION_PREFERS_STRING_CATALOGS = YES;
				MTL_ENABLE_DEBUG_INFO = NO;
				MTL_FAST_MATH = YES;
				SDKROOT = iphoneos;
				SWIFT_COMPILATION_MODE = wholemodule;
				VALIDATE_PRODUCT = YES;
			};
			name = Release;
		};
		2D19A9FB2B99571700390648 /* Debug */ = {
			isa = XCBuildConfiguration;
			baseConfigurationReference = AF099F880D5EF0CEE87CC2BD /* Pods-BeerIndex.debug.xcconfig */;
			buildSettings = {
				ASSETCATALOG_COMPILER_APPICON_NAME = AppIcon;
				ASSETCATALOG_COMPILER_GLOBAL_ACCENT_COLOR_NAME = AccentColor;
				CODE_SIGN_STYLE = Automatic;
				CURRENT_PROJECT_VERSION = 1;
				GENERATE_INFOPLIST_FILE = YES;
				INFOPLIST_FILE = BeerIndex/Info.plist;
				INFOPLIST_KEY_UIApplicationSupportsIndirectInputEvents = YES;
				INFOPLIST_KEY_UILaunchStoryboardName = LaunchScreen;
				INFOPLIST_KEY_UIMainStoryboardFile = Main;
				INFOPLIST_KEY_UISupportedInterfaceOrientations_iPad = "UIInterfaceOrientationPortrait UIInterfaceOrientationPortraitUpsideDown UIInterfaceOrientationLandscapeLeft UIInterfaceOrientationLandscapeRight";
				INFOPLIST_KEY_UISupportedInterfaceOrientations_iPhone = "UIInterfaceOrientationPortrait UIInterfaceOrientationLandscapeLeft UIInterfaceOrientationLandscapeRight";
				LD_RUNPATH_SEARCH_PATHS = (
					"$(inherited)",
					"@executable_path/Frameworks",
				);
				MARKETING_VERSION = 1.0;
				PRODUCT_BUNDLE_IDENTIFIER = pt.com.uitest.BeerIndex;
				PRODUCT_NAME = "$(TARGET_NAME)";
				SWIFT_EMIT_LOC_STRINGS = YES;
				SWIFT_VERSION = 5.0;
				TARGETED_DEVICE_FAMILY = "1,2";
			};
			name = Debug;
		};
		2D19A9FC2B99571700390648 /* Release */ = {
			isa = XCBuildConfiguration;
			baseConfigurationReference = 3A2F027AE730BD113B7385BE /* Pods-BeerIndex.release.xcconfig */;
			buildSettings = {
				ASSETCATALOG_COMPILER_APPICON_NAME = AppIcon;
				ASSETCATALOG_COMPILER_GLOBAL_ACCENT_COLOR_NAME = AccentColor;
				CODE_SIGN_STYLE = Automatic;
				CURRENT_PROJECT_VERSION = 1;
				GENERATE_INFOPLIST_FILE = YES;
				INFOPLIST_FILE = BeerIndex/Info.plist;
				INFOPLIST_KEY_UIApplicationSupportsIndirectInputEvents = YES;
				INFOPLIST_KEY_UILaunchStoryboardName = LaunchScreen;
				INFOPLIST_KEY_UIMainStoryboardFile = Main;
				INFOPLIST_KEY_UISupportedInterfaceOrientations_iPad = "UIInterfaceOrientationPortrait UIInterfaceOrientationPortraitUpsideDown UIInterfaceOrientationLandscapeLeft UIInterfaceOrientationLandscapeRight";
				INFOPLIST_KEY_UISupportedInterfaceOrientations_iPhone = "UIInterfaceOrientationPortrait UIInterfaceOrientationLandscapeLeft UIInterfaceOrientationLandscapeRight";
				LD_RUNPATH_SEARCH_PATHS = (
					"$(inherited)",
					"@executable_path/Frameworks",
				);
				MARKETING_VERSION = 1.0;
				PRODUCT_BUNDLE_IDENTIFIER = pt.com.uitest.BeerIndex;
				PRODUCT_NAME = "$(TARGET_NAME)";
				SWIFT_EMIT_LOC_STRINGS = YES;
				SWIFT_VERSION = 5.0;
				TARGETED_DEVICE_FAMILY = "1,2";
			};
			name = Release;
		};
/* End XCBuildConfiguration section */

/* Begin XCConfigurationList section */
		2D19A9E12B99571400390648 /* Build configuration list for PBXProject "BeerIndex" */ = {
			isa = XCConfigurationList;
			buildConfigurations = (
				2D19A9F82B99571700390648 /* Debug */,
				2D19A9F92B99571700390648 /* Release */,
			);
			defaultConfigurationIsVisible = 0;
			defaultConfigurationName = Release;
		};
		2D19A9FA2B99571700390648 /* Build configuration list for PBXNativeTarget "BeerIndex" */ = {
			isa = XCConfigurationList;
			buildConfigurations = (
				2D19A9FB2B99571700390648 /* Debug */,
				2D19A9FC2B99571700390648 /* Release */,
			);
			defaultConfigurationIsVisible = 0;
			defaultConfigurationName = Release;
		};
/* End XCConfigurationList section */
	};
	rootObject = 2D19A9DE2B99571400390648 /* Project object */;
}
